<?xml version="1.0" encoding="utf-8"?>
<Project ToolsVersion="4.0" xmlns="http://schemas.microsoft.com/developer/msbuild/2003">
  <ItemGroup>
    <Filter Include="Source Files">
      <UniqueIdentifier>{4FC737F1-C7A5-4376-A066-2A32D752A2FF}</UniqueIdentifier>
      <Extensions>cpp;c;cc;cxx;def;odl;idl;hpj;bat;asm;asmx</Extensions>
    </Filter>
    <Filter Include="Header Files">
      <UniqueIdentifier>{93995380-89BD-4b04-88EB-625FBE52EBFB}</UniqueIdentifier>
      <Extensions>h;hh;hpp;hxx;hm;inl;inc;ipp;xsd</Extensions>
    </Filter>
    <Filter Include="Resource Files">
      <UniqueIdentifier>{67DA6AB6-F800-4c08-8B7A-83BB121AAD01}</UniqueIdentifier>
      <Extensions>rc;ico;cur;bmp;dlg;rc2;rct;bin;rgs;gif;jpg;jpeg;jpe;resx;tiff;tif;png;wav;mfcribbon-ms</Extensions>
    </Filter>
    <Filter Include="Source Files\Enemy">
      <UniqueIdentifier>{16fee2d6-fcf8-4486-adb2-0ed865ed3999}</UniqueIdentifier>
    </Filter>
    <Filter Include="Source Files\Tower">
      <UniqueIdentifier>{0557b258-6d15-40f0-bfae-2e1fcc541d55}</UniqueIdentifier>
    </Filter>
    <Filter Include="Source Files\Windows">
      <UniqueIdentifier>{e9ecefcb-c3cf-4470-aaa6-1cb45013b9e0}</UniqueIdentifier>
    </Filter>
    <Filter Include="Source Files\Field">
      <UniqueIdentifier>{4ce51011-ca51-475b-9abb-17816e43569e}</UniqueIdentifier>
    </Filter>
    <Filter Include="Header Files\Enemy">
      <UniqueIdentifier>{aa19f180-8a38-44da-9878-22506b45a02d}</UniqueIdentifier>
    </Filter>
    <Filter Include="Header Files\Tower">
      <UniqueIdentifier>{b7a2f225-965e-4129-8a09-ea1ecc35c421}</UniqueIdentifier>
    </Filter>
    <Filter Include="Header Files\Windows">
      <UniqueIdentifier>{6b0936d1-2e63-4a3f-a7a4-d5956dd4f440}</UniqueIdentifier>
    </Filter>
    <Filter Include="Header Files\Functions">
      <UniqueIdentifier>{03825f4b-5845-4ae9-9be4-edc3335bde08}</UniqueIdentifier>
    </Filter>
    <Filter Include="Source Files\Functions">
      <UniqueIdentifier>{842601dc-77e7-4ab1-bc06-8d06d42f6068}</UniqueIdentifier>
    </Filter>
    <Filter Include="Header Files\Shop">
      <UniqueIdentifier>{d8053cd9-efc7-4889-a602-592d808b7ad1}</UniqueIdentifier>
    </Filter>
    <Filter Include="Header Files\Other">
      <UniqueIdentifier>{a0e4d157-7b94-4f99-966c-3ee4efd50654}</UniqueIdentifier>
    </Filter>
    <Filter Include="Source Files\Other">
      <UniqueIdentifier>{aceda27a-fb54-42a7-b93d-dced9f8feb81}</UniqueIdentifier>
    </Filter>
    <Filter Include="Source Files\Shop">
      <UniqueIdentifier>{f518f45a-28c6-4e64-8bf1-2574e712c859}</UniqueIdentifier>
    </Filter>
    <Filter Include="Header Files\Block on field">
      <UniqueIdentifier>{9cec4621-41b0-4388-b984-3b239135fdb7}</UniqueIdentifier>
    </Filter>
    <Filter Include="Source Files\Blocks on field">
      <UniqueIdentifier>{097d941e-56ba-447e-922e-63789d3e3ce5}</UniqueIdentifier>
    </Filter>
    <Filter Include="Header Files\Field">
      <UniqueIdentifier>{abc5967a-f1d5-4fa4-aa5b-0b01ea7e4ccd}</UniqueIdentifier>
    </Filter>
  </ItemGroup>
  <ItemGroup>
    <ClCompile Include="enemy.cpp">
      <Filter>Source Files\Enemy</Filter>
    </ClCompile>
    <ClCompile Include="tower.cpp">
      <Filter>Source Files\Tower</Filter>
    </ClCompile>
    <ClCompile Include="towersControl.cpp">
      <Filter>Source Files\Tower</Filter>
    </ClCompile>
    <ClCompile Include="mainGame.cpp">
      <Filter>Source Files\Windows</Filter>
    </ClCompile>
    <ClCompile Include="results.cpp">
      <Filter>Source Files\Windows</Filter>
    </ClCompile>
    <ClCompile Include="field.cpp">
      <Filter>Source Files\Field</Filter>
    </ClCompile>
    <ClCompile Include="roadCell.cpp">
      <Filter>Source Files\Field</Filter>
    </ClCompile>
    <ClCompile Include="missiles.cpp">
      <Filter>Source Files\Tower</Filter>
    </ClCompile>
    <ClCompile Include="cycleFuncions.cpp">
      <Filter>Source Files\Functions</Filter>
    </ClCompile>
    <ClCompile Include="menu.cpp">
      <Filter>Source Files\Windows</Filter>
    </ClCompile>
    <ClCompile Include="enemiesWave.cpp">
      <Filter>Source Files\Enemy</Filter>
    </ClCompile>
    <ClCompile Include="main.cpp">
      <Filter>Source Files\Other</Filter>
    </ClCompile>
    <ClCompile Include="shop.cpp">
      <Filter>Source Files\Shop</Filter>
    </ClCompile>
    <ClCompile Include="blockOnField.cpp">
      <Filter>Source Files\Blocks on field</Filter>
    </ClCompile>
    <ClCompile Include="blocksControl.cpp">
      <Filter>Source Files\Blocks on field</Filter>
    </ClCompile>
    <ClCompile Include="makeRoad.cpp">
      <Filter>Source Files\Field</Filter>
    </ClCompile>
    <ClCompile Include="nextWave.cpp">
      <Filter>Source Files\Enemy</Filter>
    </ClCompile>
    <ClCompile Include="beam.cpp">
      <Filter>Source Files\Enemy</Filter>
    </ClCompile>
    <ClCompile Include="lastEnemy.cpp">
      <Filter>Source Files\Enemy</Filter>
    </ClCompile>
  </ItemGroup>
  <ItemGroup>
    <ClInclude Include="enemiesWave.h">
      <Filter>Header Files\Enemy</Filter>
    </ClInclude>
    <ClInclude Include="enemy.h">
      <Filter>Header Files\Enemy</Filter>
    </ClInclude>
    <ClInclude Include="tower.h">
      <Filter>Header Files\Tower</Filter>
    </ClInclude>
    <ClInclude Include="towersControl.h">
      <Filter>Header Files\Tower</Filter>
    </ClInclude>
    <ClInclude Include="results.h">
      <Filter>Header Files\Windows</Filter>
    </ClInclude>
    <ClInclude Include="mainGame.h">
      <Filter>Header Files\Windows</Filter>
    </ClInclude>
    <ClInclude Include="field.h">
      <Filter>Header Files\Field</Filter>
    </ClInclude>
    <ClInclude Include="roadCell.h">
      <Filter>Header Files\Field</Filter>
    </ClInclude>
    <ClInclude Include="missiles.h">
      <Filter>Header Files\Tower</Filter>
    </ClInclude>
    <ClInclude Include="cycleFuncions.h">
      <Filter>Header Files\Functions</Filter>
    </ClInclude>
    <ClInclude Include="menu.h">
      <Filter>Header Files\Windows</Filter>
    </ClInclude>
    <ClInclude Include="shop.h">
      <Filter>Header Files\Shop</Filter>
    </ClInclude>
    <ClInclude Include="consts.h">
      <Filter>Header Files\Other</Filter>
    </ClInclude>
    <ClInclude Include="globals.h">
      <Filter>Header Files\Other</Filter>
    </ClInclude>
    <ClInclude Include="blockOnField.h">
      <Filter>Header Files\Block on field</Filter>
    </ClInclude>
    <ClInclude Include="blocksControl.h">
      <Filter>Header Files\Block on field</Filter>
    </ClInclude>
    <ClInclude Include="fieldCell.h">
      <Filter>Header Files\Field</Filter>
    </ClInclude>
    <ClInclude Include="beam.h">
      <Filter>Header Files\Enemy</Filter>
    </ClInclude>
    <ClInclude Include="lastEnemy.h">
      <Filter>Header Files\Enemy</Filter>
    </ClInclude>
  </ItemGroup>
</Project>